// !$*UTF8*$!
{
	archiveVersion = 1;
	classes = {
	};
	objectVersion = 55;
	objects = {

/* Begin PBXBuildFile section */
		090A36B5285790690082BAAB /* AppDelegate.swift in Sources */ = {isa = PBXBuildFile; fileRef = 090A36B4285790690082BAAB /* AppDelegate.swift */; };
		090A36B7285790690082BAAB /* SceneDelegate.swift in Sources */ = {isa = PBXBuildFile; fileRef = 090A36B6285790690082BAAB /* SceneDelegate.swift */; };
		090A36B9285790690082BAAB /* ViewController.swift in Sources */ = {isa = PBXBuildFile; fileRef = 090A36B8285790690082BAAB /* ViewController.swift */; };
		090A36BC285790690082BAAB /* Main.storyboard in Resources */ = {isa = PBXBuildFile; fileRef = 090A36BA285790690082BAAB /* Main.storyboard */; };
		090A36BF285790690082BAAB /* BookSelf.xcdatamodeld in Sources */ = {isa = PBXBuildFile; fileRef = 090A36BD285790690082BAAB /* BookSelf.xcdatamodeld */; };
		090A36C12857906D0082BAAB /* Assets.xcassets in Resources */ = {isa = PBXBuildFile; fileRef = 090A36C02857906D0082BAAB /* Assets.xcassets */; };
		090A36C42857906D0082BAAB /* LaunchScreen.storyboard in Resources */ = {isa = PBXBuildFile; fileRef = 090A36C22857906D0082BAAB /* LaunchScreen.storyboard */; };
		090A36CF2857906D0082BAAB /* BookSelfTests.swift in Sources */ = {isa = PBXBuildFile; fileRef = 090A36CE2857906D0082BAAB /* BookSelfTests.swift */; };
		090A36D92857906D0082BAAB /* BookSelfUITests.swift in Sources */ = {isa = PBXBuildFile; fileRef = 090A36D82857906D0082BAAB /* BookSelfUITests.swift */; };
		090A36DB2857906D0082BAAB /* BookSelfUITestsLaunchTests.swift in Sources */ = {isa = PBXBuildFile; fileRef = 090A36DA2857906D0082BAAB /* BookSelfUITestsLaunchTests.swift */; };
/* End PBXBuildFile section */

/* Begin PBXContainerItemProxy section */
		090A36CB2857906D0082BAAB /* PBXContainerItemProxy */ = {
			isa = PBXContainerItemProxy;
			containerPortal = 090A36A9285790690082BAAB /* Project object */;
			proxyType = 1;
			remoteGlobalIDString = 090A36B0285790690082BAAB;
			remoteInfo = BookSelf;
		};
		090A36D52857906D0082BAAB /* PBXContainerItemProxy */ = {
			isa = PBXContainerItemProxy;
			containerPortal = 090A36A9285790690082BAAB /* Project object */;
			proxyType = 1;
			remoteGlobalIDString = 090A36B0285790690082BAAB;
			remoteInfo = BookSelf;
		};
/* End PBXContainerItemProxy section */

/* Begin PBXFileReference section */
		090A36B1285790690082BAAB /* BookSelf.app */ = {isa = PBXFileReference; explicitFileType = wrapper.application; includeInIndex = 0; path = BookSelf.app; sourceTree = BUILT_PRODUCTS_DIR; };
		090A36B4285790690082BAAB /* AppDelegate.swift */ = {isa = PBXFileReference; lastKnownFileType = sourcecode.swift; path = AppDelegate.swift; sourceTree = "<group>"; };
		090A36B6285790690082BAAB /* SceneDelegate.swift */ = {isa = PBXFileReference; lastKnownFileType = sourcecode.swift; path = SceneDelegate.swift; sourceTree = "<group>"; };
		090A36B8285790690082BAAB /* ViewController.swift */ = {isa = PBXFileReference; lastKnownFileType = sourcecode.swift; path = ViewController.swift; sourceTree = "<group>"; };
		090A36BB285790690082BAAB /* Base */ = {isa = PBXFileReference; lastKnownFileType = file.storyboard; name = Base; path = Base.lproj/Main.storyboard; sourceTree = "<group>"; };
		090A36BE285790690082BAAB /* BookSelf.xcdatamodel */ = {isa = PBXFileReference; lastKnownFileType = wrapper.xcdatamodel; path = BookSelf.xcdatamodel; sourceTree = "<group>"; };
		090A36C02857906D0082BAAB /* Assets.xcassets */ = {isa = PBXFileReference; lastKnownFileType = folder.assetcatalog; path = Assets.xcassets; sourceTree = "<group>"; };
		090A36C32857906D0082BAAB /* Base */ = {isa = PBXFileReference; lastKnownFileType = file.storyboard; name = Base; path = Base.lproj/LaunchScreen.storyboard; sourceTree = "<group>"; };
		090A36C52857906D0082BAAB /* Info.plist */ = {isa = PBXFileReference; lastKnownFileType = text.plist.xml; path = Info.plist; sourceTree = "<group>"; };
		090A36CA2857906D0082BAAB /* BookSelfTests.xctest */ = {isa = PBXFileReference; explicitFileType = wrapper.cfbundle; includeInIndex = 0; path = BookSelfTests.xctest; sourceTree = BUILT_PRODUCTS_DIR; };
		090A36CE2857906D0082BAAB /* BookSelfTests.swift */ = {isa = PBXFileReference; lastKnownFileType = sourcecode.swift; path = BookSelfTests.swift; sourceTree = "<group>"; };
		090A36D42857906D0082BAAB /* BookSelfUITests.xctest */ = {isa = PBXFileReference; explicitFileType = wrapper.cfbundle; includeInIndex = 0; path = BookSelfUITests.xctest; sourceTree = BUILT_PRODUCTS_DIR; };
		090A36D82857906D0082BAAB /* BookSelfUITests.swift */ = {isa = PBXFileReference; lastKnownFileType = sourcecode.swift; path = BookSelfUITests.swift; sourceTree = "<group>"; };
		090A36DA2857906D0082BAAB /* BookSelfUITestsLaunchTests.swift */ = {isa = PBXFileReference; lastKnownFileType = sourcecode.swift; path = BookSelfUITestsLaunchTests.swift; sourceTree = "<group>"; };
/* End PBXFileReference section */

/* Begin PBXFrameworksBuildPhase section */
		090A36AE285790690082BAAB /* Frameworks */ = {
			isa = PBXFrameworksBuildPhase;
			buildActionMask = 2147483647;
			files = (
			);
			runOnlyForDeploymentPostprocessing = 0;
		};
		090A36C72857906D0082BAAB /* Frameworks */ = {
			isa = PBXFrameworksBuildPhase;
			buildActionMask = 2147483647;
			files = (
			);
			runOnlyForDeploymentPostprocessing = 0;
		};
		090A36D12857906D0082BAAB /* Frameworks */ = {
			isa = PBXFrameworksBuildPhase;
			buildActionMask = 2147483647;
			files = (
			);
			runOnlyForDeploymentPostprocessing = 0;
		};
/* End PBXFrameworksBuildPhase section */

/* Begin PBXGroup section */
		090A36A8285790690082BAAB = {
			isa = PBXGroup;
			children = (
				090A36B3285790690082BAAB /* BookSelf */,
				090A36CD2857906D0082BAAB /* BookSelfTests */,
				090A36D72857906D0082BAAB /* BookSelfUITests */,
				090A36B2285790690082BAAB /* Products */,
			);
			sourceTree = "<group>";
		};
		090A36B2285790690082BAAB /* Products */ = {
			isa = PBXGroup;
			children = (
				090A36B1285790690082BAAB /* BookSelf.app */,
				090A36CA2857906D0082BAAB /* BookSelfTests.xctest */,
				090A36D42857906D0082BAAB /* BookSelfUITests.xctest */,
			);
			name = Products;
			sourceTree = "<group>";
		};
		090A36B3285790690082BAAB /* BookSelf */ = {
			isa = PBXGroup;
			children = (
				090A36B4285790690082BAAB /* AppDelegate.swift */,
				090A36B6285790690082BAAB /* SceneDelegate.swift */,
				090A36B8285790690082BAAB /* ViewController.swift */,
				090A36BA285790690082BAAB /* Main.storyboard */,
				090A36C02857906D0082BAAB /* Assets.xcassets */,
				090A36C22857906D0082BAAB /* LaunchScreen.storyboard */,
				090A36C52857906D0082BAAB /* Info.plist */,
				090A36BD285790690082BAAB /* BookSelf.xcdatamodeld */,
			);
			path = BookSelf;
			sourceTree = "<group>";
		};
		090A36CD2857906D0082BAAB /* BookSelfTests */ = {
			isa = PBXGroup;
			children = (
				090A36CE2857906D0082BAAB /* BookSelfTests.swift */,
			);
			path = BookSelfTests;
			sourceTree = "<group>";
		};
		090A36D72857906D0082BAAB /* BookSelfUITests */ = {
			isa = PBXGroup;
			children = (
				090A36D82857906D0082BAAB /* BookSelfUITests.swift */,
				090A36DA2857906D0082BAAB /* BookSelfUITestsLaunchTests.swift */,
			);
			path = BookSelfUITests;
			sourceTree = "<group>";
		};
/* End PBXGroup section */

/* Begin PBXNativeTarget section */
		090A36B0285790690082BAAB /* BookSelf */ = {
			isa = PBXNativeTarget;
			buildConfigurationList = 090A36DE2857906D0082BAAB /* Build configuration list for PBXNativeTarget "BookSelf" */;
			buildPhases = (
				090A36AD285790690082BAAB /* Sources */,
				090A36AE285790690082BAAB /* Frameworks */,
				090A36AF285790690082BAAB /* Resources */,
			);
			buildRules = (
			);
			dependencies = (
			);
			name = BookSelf;
			productName = BookSelf;
			productReference = 090A36B1285790690082BAAB /* BookSelf.app */;
			productType = "com.apple.product-type.application";
		};
		090A36C92857906D0082BAAB /* BookSelfTests */ = {
			isa = PBXNativeTarget;
			buildConfigurationList = 090A36E12857906D0082BAAB /* Build configuration list for PBXNativeTarget "BookSelfTests" */;
			buildPhases = (
				090A36C62857906D0082BAAB /* Sources */,
				090A36C72857906D0082BAAB /* Frameworks */,
				090A36C82857906D0082BAAB /* Resources */,
			);
			buildRules = (
			);
			dependencies = (
				090A36CC2857906D0082BAAB /* PBXTargetDependency */,
			);
			name = BookSelfTests;
			productName = BookSelfTests;
			productReference = 090A36CA2857906D0082BAAB /* BookSelfTests.xctest */;
			productType = "com.apple.product-type.bundle.unit-test";
		};
		090A36D32857906D0082BAAB /* BookSelfUITests */ = {
			isa = PBXNativeTarget;
			buildConfigurationList = 090A36E42857906D0082BAAB /* Build configuration list for PBXNativeTarget "BookSelfUITests" */;
			buildPhases = (
				090A36D02857906D0082BAAB /* Sources */,
				090A36D12857906D0082BAAB /* Frameworks */,
				090A36D22857906D0082BAAB /* Resources */,
			);
			buildRules = (
			);
			dependencies = (
				090A36D62857906D0082BAAB /* PBXTargetDependency */,
			);
			name = BookSelfUITests;
			productName = BookSelfUITests;
			productReference = 090A36D42857906D0082BAAB /* BookSelfUITests.xctest */;
			productType = "com.apple.product-type.bundle.ui-testing";
		};
/* End PBXNativeTarget section */

/* Begin PBXProject section */
		090A36A9285790690082BAAB /* Project object */ = {
			isa = PBXProject;
			attributes = {
				BuildIndependentTargetsInParallel = 1;
				LastSwiftUpdateCheck = 1340;
				LastUpgradeCheck = 1340;
				TargetAttributes = {
					090A36B0285790690082BAAB = {
						CreatedOnToolsVersion = 13.4.1;
					};
					090A36C92857906D0082BAAB = {
						CreatedOnToolsVersion = 13.4.1;
						TestTargetID = 090A36B0285790690082BAAB;
					};
					090A36D32857906D0082BAAB = {
						CreatedOnToolsVersion = 13.4.1;
						TestTargetID = 090A36B0285790690082BAAB;
					};
				};
			};
			buildConfigurationList = 090A36AC285790690082BAAB /* Build configuration list for PBXProject "BookSelf" */;
			compatibilityVersion = "Xcode 13.0";
			developmentRegion = en;
			hasScannedForEncodings = 0;
			knownRegions = (
				en,
				Base,
			);
			mainGroup = 090A36A8285790690082BAAB;
			productRefGroup = 090A36B2285790690082BAAB /* Products */;
			projectDirPath = "";
			projectRoot = "";
			targets = (
				090A36B0285790690082BAAB /* BookSelf */,
				090A36C92857906D0082BAAB /* BookSelfTests */,
				090A36D32857906D0082BAAB /* BookSelfUITests */,
			);
		};
/* End PBXProject section */

/* Begin PBXResourcesBuildPhase section */
		090A36AF285790690082BAAB /* Resources */ = {
			isa = PBXResourcesBuildPhase;
			buildActionMask = 2147483647;
			files = (
				090A36C42857906D0082BAAB /* LaunchScreen.storyboard in Resources */,
				090A36C12857906D0082BAAB /* Assets.xcassets in Resources */,
				090A36BC285790690082BAAB /* Main.storyboard in Resources */,
			);
			runOnlyForDeploymentPostprocessing = 0;
		};
		090A36C82857906D0082BAAB /* Resources */ = {
			isa = PBXResourcesBuildPhase;
			buildActionMask = 2147483647;
			files = (
			);
			runOnlyForDeploymentPostprocessing = 0;
		};
		090A36D22857906D0082BAAB /* Resources */ = {
			isa = PBXResourcesBuildPhase;
			buildActionMask = 2147483647;
			files = (
			);
			runOnlyForDeploymentPostprocessing = 0;
		};
/* End PBXResourcesBuildPhase section */

/* Begin PBXSourcesBuildPhase section */
		090A36AD285790690082BAAB /* Sources */ = {
			isa = PBXSourcesBuildPhase;
			buildActionMask = 2147483647;
			files = (
				090A36B9285790690082BAAB /* ViewController.swift in Sources */,
				090A36B5285790690082BAAB /* AppDelegate.swift in Sources */,
				090A36BF285790690082BAAB /* BookSelf.xcdatamodeld in Sources */,
				090A36B7285790690082BAAB /* SceneDelegate.swift in Sources */,
			);
			runOnlyForDeploymentPostprocessing = 0;
		};
		090A36C62857906D0082BAAB /* Sources */ = {
			isa = PBXSourcesBuildPhase;
			buildActionMask = 2147483647;
			files = (
				090A36CF2857906D0082BAAB /* BookSelfTests.swift in Sources */,
			);
			runOnlyForDeploymentPostprocessing = 0;
		};
		090A36D02857906D0082BAAB /* Sources */ = {
			isa = PBXSourcesBuildPhase;
			buildActionMask = 2147483647;
			files = (
				090A36DB2857906D0082BAAB /* BookSelfUITestsLaunchTests.swift in Sources */,
				090A36D92857906D0082BAAB /* BookSelfUITests.swift in Sources */,
			);
			runOnlyForDeploymentPostprocessing = 0;
		};
/* End PBXSourcesBuildPhase section */

/* Begin PBXTargetDependency section */
		090A36CC2857906D0082BAAB /* PBXTargetDependency */ = {
			isa = PBXTargetDependency;
			target = 090A36B0285790690082BAAB /* BookSelf */;
			targetProxy = 090A36CB2857906D0082BAAB /* PBXContainerItemProxy */;
		};
		090A36D62857906D0082BAAB /* PBXTargetDependency */ = {
			isa = PBXTargetDependency;
			target = 090A36B0285790690082BAAB /* BookSelf */;
			targetProxy = 090A36D52857906D0082BAAB /* PBXContainerItemProxy */;
		};
/* End PBXTargetDependency section */

/* Begin PBXVariantGroup section */
		090A36BA285790690082BAAB /* Main.storyboard */ = {
			isa = PBXVariantGroup;
			children = (
				090A36BB285790690082BAAB /* Base */,
			);
			name = Main.storyboard;
			sourceTree = "<group>";
		};
		090A36C22857906D0082BAAB /* LaunchScreen.storyboard */ = {
			isa = PBXVariantGroup;
			children = (
				090A36C32857906D0082BAAB /* Base */,
			);
			name = LaunchScreen.storyboard;
			sourceTree = "<group>";
		};
/* End PBXVariantGroup section */

/* Begin XCBuildConfiguration section */
		090A36DC2857906D0082BAAB /* Debug */ = {
			isa = XCBuildConfiguration;
			buildSettings = {
				ALWAYS_SEARCH_USER_PATHS = NO;
				CLANG_ANALYZER_NONNULL = YES;
				CLANG_ANALYZER_NUMBER_OBJECT_CONVERSION = YES_AGGRESSIVE;
				CLANG_CXX_LANGUAGE_STANDARD = "gnu++17";
				CLANG_ENABLE_MODULES = YES;
				CLANG_ENABLE_OBJC_ARC = YES;
				CLANG_ENABLE_OBJC_WEAK = YES;
				CLANG_WARN_BLOCK_CAPTURE_AUTORELEASING = YES;
				CLANG_WARN_BOOL_CONVERSION = YES;
				CLANG_WARN_COMMA = YES;
				CLANG_WARN_CONSTANT_CONVERSION = YES;
				CLANG_WARN_DEPRECATED_OBJC_IMPLEMENTATIONS = YES;
				CLANG_WARN_DIRECT_OBJC_ISA_USAGE = YES_ERROR;
				CLANG_WARN_DOCUMENTATION_COMMENTS = YES;
				CLANG_WARN_EMPTY_BODY = YES;
				CLANG_WARN_ENUM_CONVERSION = YES;
				CLANG_WARN_INFINITE_RECURSION = YES;
				CLANG_WARN_INT_CONVERSION = YES;
				CLANG_WARN_NON_LITERAL_NULL_CONVERSION = YES;
				CLANG_WARN_OBJC_IMPLICIT_RETAIN_SELF = YES;
				CLANG_WARN_OBJC_LITERAL_CONVERSION = YES;
				CLANG_WARN_OBJC_ROOT_CLASS = YES_ERROR;
				CLANG_WARN_QUOTED_INCLUDE_IN_FRAMEWORK_HEADER = YES;
				CLANG_WARN_RANGE_LOOP_ANALYSIS = YES;
				CLANG_WARN_STRICT_PROTOTYPES = YES;
				CLANG_WARN_SUSPICIOUS_MOVE = YES;
				CLANG_WARN_UNGUARDED_AVAILABILITY = YES_AGGRESSIVE;
				CLANG_WARN_UNREACHABLE_CODE = YES;
				CLANG_WARN__DUPLICATE_METHOD_MATCH = YES;
				COPY_PHASE_STRIP = NO;
				DEBUG_INFORMATION_FORMAT = dwarf;
				ENABLE_STRICT_OBJC_MSGSEND = YES;
				ENABLE_TESTABILITY = YES;
				GCC_C_LANGUAGE_STANDARD = gnu11;
				GCC_DYNAMIC_NO_PIC = NO;
				GCC_NO_COMMON_BLOCKS = YES;
				GCC_OPTIMIZATION_LEVEL = 0;
				GCC_PREPROCESSOR_DEFINITIONS = (
					"DEBUG=1",
					"$(inherited)",
				);
				GCC_WARN_64_TO_32_BIT_CONVERSION = YES;
				GCC_WARN_ABOUT_RETURN_TYPE = YES_ERROR;
				GCC_WARN_UNDECLARED_SELECTOR = YES;
				GCC_WARN_UNINITIALIZED_AUTOS = YES_AGGRESSIVE;
				GCC_WARN_UNUSED_FUNCTION = YES;
				GCC_WARN_UNUSED_VARIABLE = YES;
				IPHONEOS_DEPLOYMENT_TARGET = 15.5;
				MTL_ENABLE_DEBUG_INFO = INCLUDE_SOURCE;
				MTL_FAST_MATH = YES;
				ONLY_ACTIVE_ARCH = YES;
				SDKROOT = iphoneos;
				SWIFT_ACTIVE_COMPILATION_CONDITIONS = DEBUG;
				SWIFT_OPTIMIZATION_LEVEL = "-Onone";
			};
			name = Debug;
		};
		090A36DD2857906D0082BAAB /* Release */ = {
			isa = XCBuildConfiguration;
			buildSettings = {
				ALWAYS_SEARCH_USER_PATHS = NO;
				CLANG_ANALYZER_NONNULL = YES;
				CLANG_ANALYZER_NUMBER_OBJECT_CONVERSION = YES_AGGRESSIVE;
				CLANG_CXX_LANGUAGE_STANDARD = "gnu++17";
				CLANG_ENABLE_MODULES = YES;
				CLANG_ENABLE_OBJC_ARC = YES;
				CLANG_ENABLE_OBJC_WEAK = YES;
				CLANG_WARN_BLOCK_CAPTURE_AUTORELEASING = YES;
				CLANG_WARN_BOOL_CONVERSION = YES;
				CLANG_WARN_COMMA = YES;
				CLANG_WARN_CONSTANT_CONVERSION = YES;
				CLANG_WARN_DEPRECATED_OBJC_IMPLEMENTATIONS = YES;
				CLANG_WARN_DIRECT_OBJC_ISA_USAGE = YES_ERROR;
				CLANG_WARN_DOCUMENTATION_COMMENTS = YES;
				CLANG_WARN_EMPTY_BODY = YES;
				CLANG_WARN_ENUM_CONVERSION = YES;
				CLANG_WARN_INFINITE_RECURSION = YES;
				CLANG_WARN_INT_CONVERSION = YES;
				CLANG_WARN_NON_LITERAL_NULL_CONVERSION = YES;
				CLANG_WARN_OBJC_IMPLICIT_RETAIN_SELF = YES;
				CLANG_WARN_OBJC_LITERAL_CONVERSION = YES;
				CLANG_WARN_OBJC_ROOT_CLASS = YES_ERROR;
				CLANG_WARN_QUOTED_INCLUDE_IN_FRAMEWORK_HEADER = YES;
				CLANG_WARN_RANGE_LOOP_ANALYSIS = YES;
				CLANG_WARN_STRICT_PROTOTYPES = YES;
				CLANG_WARN_SUSPICIOUS_MOVE = YES;
				CLANG_WARN_UNGUARDED_AVAILABILITY = YES_AGGRESSIVE;
				CLANG_WARN_UNREACHABLE_CODE = YES;
				CLANG_WARN__DUPLICATE_METHOD_MATCH = YES;
				COPY_PHASE_STRIP = NO;
				DEBUG_INFORMATION_FORMAT = "dwarf-with-dsym";
				ENABLE_NS_ASSERTIONS = NO;
				ENABLE_STRICT_OBJC_MSGSEND = YES;
				GCC_C_LANGUAGE_STANDARD = gnu11;
				GCC_NO_COMMON_BLOCKS = YES;
				GCC_WARN_64_TO_32_BIT_CONVERSION = YES;
				GCC_WARN_ABOUT_RETURN_TYPE = YES_ERROR;
				GCC_WARN_UNDECLARED_SELECTOR = YES;
				GCC_WARN_UNINITIALIZED_AUTOS = YES_AGGRESSIVE;
				GCC_WARN_UNUSED_FUNCTION = YES;
				GCC_WARN_UNUSED_VARIABLE = YES;
				IPHONEOS_DEPLOYMENT_TARGET = 15.5;
				MTL_ENABLE_DEBUG_INFO = NO;
				MTL_FAST_MATH = YES;
				SDKROOT = iphoneos;
				SWIFT_COMPILATION_MODE = wholemodule;
				SWIFT_OPTIMIZATION_LEVEL = "-O";
				VALIDATE_PRODUCT = YES;
			};
			name = Release;
		};
		090A36DF2857906D0082BAAB /* Debug */ = {
			isa = XCBuildConfiguration;
			buildSettings = {
				ASSETCATALOG_COMPILER_APPICON_NAME = AppIcon;
				ASSETCATALOG_COMPILER_GLOBAL_ACCENT_COLOR_NAME = AccentColor;
				CODE_SIGN_STYLE = Automatic;
				CURRENT_PROJECT_VERSION = 1;
				GENERATE_INFOPLIST_FILE = YES;
				INFOPLIST_FILE = BookSelf/Info.plist;
				INFOPLIST_KEY_UIApplicationSupportsIndirectInputEvents = YES;
				INFOPLIST_KEY_UILaunchStoryboardName = LaunchScreen;
				INFOPLIST_KEY_UIMainStoryboardFile = Main;
				INFOPLIST_KEY_UISupportedInterfaceOrientations_iPad = "UIInterfaceOrientationPortrait UIInterfaceOrientationPortraitUpsideDown UIInterfaceOrientationLandscapeLeft UIInterfaceOrientationLandscapeRight";
				INFOPLIST_KEY_UISupportedInterfaceOrientations_iPhone = "UIInterfaceOrientationPortrait UIInterfaceOrientationLandscapeLeft UIInterfaceOrientationLandscapeRight";
				LD_RUNPATH_SEARCH_PATHS = (
					"$(inherited)",
					"@executable_path/Frameworks",
				);
				MARKETING_VERSION = 1.0;
				PRODUCT_BUNDLE_IDENTIFIER = KWK.BookSelf;
				PRODUCT_NAME = "$(TARGET_NAME)";
				SWIFT_EMIT_LOC_STRINGS = YES;
				SWIFT_VERSION = 5.0;
				TARGETED_DEVICE_FAMILY = "1,2";
			};
			name = Debug;
		};
		090A36E02857906D0082BAAB /* Release */ = {
			isa = XCBuildConfiguration;
			buildSettings = {
				ASSETCATALOG_COMPILER_APPICON_NAME = AppIcon;
				ASSETCATALOG_COMPILER_GLOBAL_ACCENT_COLOR_NAME = AccentColor;
				CODE_SIGN_STYLE = Automatic;
				CURRENT_PROJECT_VERSION = 1;
				GENERATE_INFOPLIST_FILE = YES;
				INFOPLIST_FILE = BookSelf/Info.plist;
				INFOPLIST_KEY_UIApplicationSupportsIndirectInputEvents = YES;
				INFOPLIST_KEY_UILaunchStoryboardName = LaunchScreen;
				INFOPLIST_KEY_UIMainStoryboardFile = Main;
				INFOPLIST_KEY_UISupportedInterfaceOrientations_iPad = "UIInterfaceOrientationPortrait UIInterfaceOrientationPortraitUpsideDown UIInterfaceOrientationLandscapeLeft UIInterfaceOrientationLandscapeRight";
				INFOPLIST_KEY_UISupportedInterfaceOrientations_iPhone = "UIInterfaceOrientationPortrait UIInterfaceOrientationLandscapeLeft UIInterfaceOrientationLandscapeRight";
				LD_RUNPATH_SEARCH_PATHS = (
					"$(inherited)",
					"@executable_path/Frameworks",
				);
				MARKETING_VERSION = 1.0;
				PRODUCT_BUNDLE_IDENTIFIER = KWK.BookSelf;
				PRODUCT_NAME = "$(TARGET_NAME)";
				SWIFT_EMIT_LOC_STRINGS = YES;
				SWIFT_VERSION = 5.0;
				TARGETED_DEVICE_FAMILY = "1,2";
			};
			name = Release;
		};
		090A36E22857906D0082BAAB /* Debug */ = {
			isa = XCBuildConfiguration;
			buildSettings = {
				ALWAYS_EMBED_SWIFT_STANDARD_LIBRARIES = YES;
				BUNDLE_LOADER = "$(TEST_HOST)";
				CODE_SIGN_STYLE = Automatic;
				CURRENT_PROJECT_VERSION = 1;
				GENERATE_INFOPLIST_FILE = YES;
				IPHONEOS_DEPLOYMENT_TARGET = 15.5;
				MARKETING_VERSION = 1.0;
				PRODUCT_BUNDLE_IDENTIFIER = KWK.BookSelfTests;
				PRODUCT_NAME = "$(TARGET_NAME)";
				SWIFT_EMIT_LOC_STRINGS = NO;
				SWIFT_VERSION = 5.0;
				TARGETED_DEVICE_FAMILY = "1,2";
				TEST_HOST = "$(BUILT_PRODUCTS_DIR)/BookSelf.app/BookSelf";
			};
			name = Debug;
		};
		090A36E32857906D0082BAAB /* Release */ = {
			isa = XCBuildConfiguration;
			buildSettings = {
				ALWAYS_EMBED_SWIFT_STANDARD_LIBRARIES = YES;
				BUNDLE_LOADER = "$(TEST_HOST)";
				CODE_SIGN_STYLE = Automatic;
				CURRENT_PROJECT_VERSION = 1;
				GENERATE_INFOPLIST_FILE = YES;
				IPHONEOS_DEPLOYMENT_TARGET = 15.5;
				MARKETING_VERSION = 1.0;
				PRODUCT_BUNDLE_IDENTIFIER = KWK.BookSelfTests;
				PRODUCT_NAME = "$(TARGET_NAME)";
				SWIFT_EMIT_LOC_STRINGS = NO;
				SWIFT_VERSION = 5.0;
				TARGETED_DEVICE_FAMILY = "1,2";
				TEST_HOST = "$(BUILT_PRODUCTS_DIR)/BookSelf.app/BookSelf";
			};
			name = Release;
		};
		090A36E52857906D0082BAAB /* Debug */ = {
			isa = XCBuildConfiguration;
			buildSettings = {
				ALWAYS_EMBED_SWIFT_STANDARD_LIBRARIES = YES;
				CODE_SIGN_STYLE = Automatic;
				CURRENT_PROJECT_VERSION = 1;
				GENERATE_INFOPLIST_FILE = YES;
				MARKETING_VERSION = 1.0;
				PRODUCT_BUNDLE_IDENTIFIER = KWK.BookSelfUITests;
				PRODUCT_NAME = "$(TARGET_NAME)";
				SWIFT_EMIT_LOC_STRINGS = NO;
				SWIFT_VERSION = 5.0;
				TARGETED_DEVICE_FAMILY = "1,2";
				TEST_TARGET_NAME = BookSelf;
			};
			name = Debug;
		};
		090A36E62857906D0082BAAB /* Release */ = {
			isa = XCBuildConfiguration;
			buildSettings = {
				ALWAYS_EMBED_SWIFT_STANDARD_LIBRARIES = YES;
				CODE_SIGN_STYLE = Automatic;
				CURRENT_PROJECT_VERSION = 1;
				GENERATE_INFOPLIST_FILE = YES;
				MARKETING_VERSION = 1.0;
				PRODUCT_BUNDLE_IDENTIFIER = KWK.BookSelfUITests;
				PRODUCT_NAME = "$(TARGET_NAME)";
				SWIFT_EMIT_LOC_STRINGS = NO;
				SWIFT_VERSION = 5.0;
				TARGETED_DEVICE_FAMILY = "1,2";
				TEST_TARGET_NAME = BookSelf;
			};
			name = Release;
		};
/* End XCBuildConfiguration section */

/* Begin XCConfigurationList section */
		090A36AC285790690082BAAB /* Build configuration list for PBXProject "BookSelf" */ = {
			isa = XCConfigurationList;
			buildConfigurations = (
				090A36DC2857906D0082BAAB /* Debug */,
				090A36DD2857906D0082BAAB /* Release */,
			);
			defaultConfigurationIsVisible = 0;
			defaultConfigurationName = Release;
		};
		090A36DE2857906D0082BAAB /* Build configuration list for PBXNativeTarget "BookSelf" */ = {
			isa = XCConfigurationList;
			buildConfigurations = (
				090A36DF2857906D0082BAAB /* Debug */,
				090A36E02857906D0082BAAB /* Release */,
			);
			defaultConfigurationIsVisible = 0;
			defaultConfigurationName = Release;
		};
		090A36E12857906D0082BAAB /* Build configuration list for PBXNativeTarget "BookSelfTests" */ = {
			isa = XCConfigurationList;
			buildConfigurations = (
				090A36E22857906D0082BAAB /* Debug */,
				090A36E32857906D0082BAAB /* Release */,
			);
			defaultConfigurationIsVisible = 0;
			defaultConfigurationName = Release;
		};
		090A36E42857906D0082BAAB /* Build configuration list for PBXNativeTarget "BookSelfUITests" */ = {
			isa = XCConfigurationList;
			buildConfigurations = (
				090A36E52857906D0082BAAB /* Debug */,
				090A36E62857906D0082BAAB /* Release */,
			);
			defaultConfigurationIsVisible = 0;
			defaultConfigurationName = Release;
		};
/* End XCConfigurationList section */

/* Begin XCVersionGroup section */
		090A36BD285790690082BAAB /* BookSelf.xcdatamodeld */ = {
			isa = XCVersionGroup;
			children = (
				090A36BE285790690082BAAB /* BookSelf.xcdatamodel */,
			);
			currentVersion = 090A36BE285790690082BAAB /* BookSelf.xcdatamodel */;
			path = BookSelf.xcdatamodeld;
			sourceTree = "<group>";
			versionGroupType = wrapper.xcdatamodel;
		};
/* End XCVersionGroup section */
	};
	rootObject = 090A36A9285790690082BAAB /* Project object */;
}
