// !$*UTF8*$!
{
	archiveVersion = 1;
	classes = {
	};
	objectVersion = 55;
	objects = {

/* Begin PBXBuildFile section */
		090A36B5285790690082BAAB /* AppDelegate.swift in Sources */ = {isa = PBXBuildFile; fileRef = 090A36B4285790690082BAAB /* AppDelegate.swift */; };
		090A36B7285790690082BAAB /* SceneDelegate.swift in Sources */ = {isa = PBXBuildFile; fileRef = 090A36B6285790690082BAAB /* SceneDelegate.swift */; };
		090A36B9285790690082BAAB /* ViewController.swift in Sources */ = {isa = PBXBuildFile; fileRef = 090A36B8285790690082BAAB /* ViewController.swift */; };
		090A36BC285790690082BAAB /* Main.storyboard in Resources */ = {isa = PBXBuildFile; fileRef = 090A36BA285790690082BAAB /* Main.storyboard */; };
		090A36BF285790690082BAAB /* BookSelf.xcdatamodeld in Sources */ = {isa = PBXBuildFile; fileRef = 090A36BD285790690082BAAB /* BookSelf.xcdatamodeld */; };
		090A36C12857906D0082BAAB /* Assets.xcassets in Resources */ = {isa = PBXBuildFile; fileRef = 090A36C02857906D0082BAAB /* Assets.xcassets */; };
		090A36C42857906D0082BAAB /* LaunchScreen.storyboard in Resources */ = {isa = PBXBuildFile; fileRef = 090A36C22857906D0082BAAB /* LaunchScreen.storyboard */; };
		090A36CF2857906D0082BAAB /* BookSelfTests.swift in Sources */ = {isa = PBXBuildFile; fileRef = 090A36CE2857906D0082BAAB /* BookSelfTests.swift */; };
		090A36D92857906D0082BAAB /* BookSelfUITests.swift in Sources */ = {isa = PBXBuildFile; fileRef = 090A36D82857906D0082BAAB /* BookSelfUITests.swift */; };
		090A36DB2857906D0082BAAB /* BookSelfUITestsLaunchTests.swift in Sources */ = {isa = PBXBuildFile; fileRef = 090A36DA2857906D0082BAAB /* BookSelfUITestsLaunchTests.swift */; };
		096AC64D285A60F0003E64FB /* MainVCViewController.swift in Sources */ = {isa = PBXBuildFile; fileRef = 096AC64C285A60F0003E64FB /* MainVCViewController.swift */; };
		096AC64F285A614B003E64FB /* Math VC ViewController.swift in Sources */ = {isa = PBXBuildFile; fileRef = 096AC64E285A614B003E64FB /* Math VC ViewController.swift */; };
		096AC651285A6174003E64FB /* English VCViewController.swift in Sources */ = {isa = PBXBuildFile; fileRef = 096AC650285A6174003E64FB /* English VCViewController.swift */; };
		096AC653285A6186003E64FB /* Physics VC ViewController.swift in Sources */ = {isa = PBXBuildFile; fileRef = 096AC652285A6186003E64FB /* Physics VC ViewController.swift */; };
		096AC655285A61A6003E64FB /* Math AppsViewController.swift in Sources */ = {isa = PBXBuildFile; fileRef = 096AC654285A61A6003E64FB /* Math AppsViewController.swift */; };
		096AC657285A61C4003E64FB /* English AppsViewController.swift in Sources */ = {isa = PBXBuildFile; fileRef = 096AC656285A61C4003E64FB /* English AppsViewController.swift */; };
		096AC659285A61E1003E64FB /* Physics Apps ViewController.swift in Sources */ = {isa = PBXBuildFile; fileRef = 096AC658285A61E1003E64FB /* Physics Apps ViewController.swift */; };
		096AC65B285A61FD003E64FB /* Chem VCViewController.swift in Sources */ = {isa = PBXBuildFile; fileRef = 096AC65A285A61FD003E64FB /* Chem VCViewController.swift */; };
		096AC65D285A6212003E64FB /* Chem Apps ViewController.swift in Sources */ = {isa = PBXBuildFile; fileRef = 096AC65C285A6212003E64FB /* Chem Apps ViewController.swift */; };
		096AC65F285A6240003E64FB /* ES VCViewController.swift in Sources */ = {isa = PBXBuildFile; fileRef = 096AC65E285A6240003E64FB /* ES VCViewController.swift */; };
		096AC661285A624C003E64FB /* ES Apps ViewController.swift in Sources */ = {isa = PBXBuildFile; fileRef = 096AC660285A624C003E64FB /* ES Apps ViewController.swift */; };
		096AC663285A625C003E64FB /* Economics ViewController.swift in Sources */ = {isa = PBXBuildFile; fileRef = 096AC662285A625C003E64FB /* Economics ViewController.swift */; };
		096AC665285A6267003E64FB /* Economics Apps ViewController.swift in Sources */ = {isa = PBXBuildFile; fileRef = 096AC664285A6267003E64FB /* Economics Apps ViewController.swift */; };
		096AC667285A6292003E64FB /* Psych ViewController.swift in Sources */ = {isa = PBXBuildFile; fileRef = 096AC666285A6292003E64FB /* Psych ViewController.swift */; };
		096AC669285A629F003E64FB /* Psych  Apps ViewController.swift in Sources */ = {isa = PBXBuildFile; fileRef = 096AC668285A629F003E64FB /* Psych  Apps ViewController.swift */; };
		096AC66B285A62AB003E64FB /* History ViewController.swift in Sources */ = {isa = PBXBuildFile; fileRef = 096AC66A285A62AB003E64FB /* History ViewController.swift */; };
		096AC66D285A62B6003E64FB /* History Apps ViewController.swift in Sources */ = {isa = PBXBuildFile; fileRef = 096AC66C285A62B6003E64FB /* History Apps ViewController.swift */; };
		096AC66F285A62C2003E64FB /* Biology ViewController.swift in Sources */ = {isa = PBXBuildFile; fileRef = 096AC66E285A62C2003E64FB /* Biology ViewController.swift */; };
		096AC671285A62CE003E64FB /* Biology  Apps ViewController.swift in Sources */ = {isa = PBXBuildFile; fileRef = 096AC670285A62CE003E64FB /* Biology  Apps ViewController.swift */; };
		096AC673285A630F003E64FB /* Math core topics ViewController.swift in Sources */ = {isa = PBXBuildFile; fileRef = 096AC672285A630F003E64FB /* Math core topics ViewController.swift */; };
		096AC675285A6320003E64FB /* Math advancec topics ViewController.swift in Sources */ = {isa = PBXBuildFile; fileRef = 096AC674285A6320003E64FB /* Math advancec topics ViewController.swift */; };
		096AC677285B0BFD003E64FB /* English Core topics ViewController.swift in Sources */ = {isa = PBXBuildFile; fileRef = 096AC676285B0BFD003E64FB /* English Core topics ViewController.swift */; };
		096AC679285B0C16003E64FB /* English advanced topics ViewController.swift in Sources */ = {isa = PBXBuildFile; fileRef = 096AC678285B0C16003E64FB /* English advanced topics ViewController.swift */; };
		096AC67B285B0C2B003E64FB /* Physcis Core topics ViewController.swift in Sources */ = {isa = PBXBuildFile; fileRef = 096AC67A285B0C2B003E64FB /* Physcis Core topics ViewController.swift */; };
		096AC67D285B0C3F003E64FB /* Chemistry Core topics ViewController.swift in Sources */ = {isa = PBXBuildFile; fileRef = 096AC67C285B0C3F003E64FB /* Chemistry Core topics ViewController.swift */; };
		096AC67F285B0C50003E64FB /* Chemistry advanced topics ViewController.swift in Sources */ = {isa = PBXBuildFile; fileRef = 096AC67E285B0C50003E64FB /* Chemistry advanced topics ViewController.swift */; };
		096AC681285B0C5D003E64FB /* Physics advanced topics  ViewController.swift in Sources */ = {isa = PBXBuildFile; fileRef = 096AC680285B0C5D003E64FB /* Physics advanced topics  ViewController.swift */; };
		096AC683285B0E3F003E64FB /* com sci core topics ViewController.swift in Sources */ = {isa = PBXBuildFile; fileRef = 096AC682285B0E3F003E64FB /* com sci core topics ViewController.swift */; };
		096AC685285B0E5C003E64FB /* com sci advanced topics ViewController.swift in Sources */ = {isa = PBXBuildFile; fileRef = 096AC684285B0E5C003E64FB /* com sci advanced topics ViewController.swift */; };
		09A3AF9C285BAF61000EA705 /* rant ViewController.swift in Sources */ = {isa = PBXBuildFile; fileRef = 09A3AF9B285BAF61000EA705 /* rant ViewController.swift */; };
		09A3AF9E285BB10C000EA705 /* questions ViewController.swift in Sources */ = {isa = PBXBuildFile; fileRef = 09A3AF9D285BB10C000EA705 /* questions ViewController.swift */; };
		09A3AFA0285BB117000EA705 /* apps ViewController.swift in Sources */ = {isa = PBXBuildFile; fileRef = 09A3AF9F285BB117000EA705 /* apps ViewController.swift */; };
		78200F1A285B6FE0003BF530 /* compSciViewController.swift in Sources */ = {isa = PBXBuildFile; fileRef = 78200F19285B6FE0003BF530 /* compSciViewController.swift */; };
		78200F20285B842B003BF530 /* activitiesViewController.swift in Sources */ = {isa = PBXBuildFile; fileRef = 78200F1F285B842B003BF530 /* activitiesViewController.swift */; };
		78960885285B44A800004AEA /* outdoorViewController.swift in Sources */ = {isa = PBXBuildFile; fileRef = 78960884285B44A800004AEA /* outdoorViewController.swift */; };
		78960887285B47DB00004AEA /* indoorViewController.swift in Sources */ = {isa = PBXBuildFile; fileRef = 78960886285B47DB00004AEA /* indoorViewController.swift */; };
		78CEAD162859E8F800207DF2 /* Font in Resources */ = {isa = PBXBuildFile; fileRef = 78CEAD152859E8F700207DF2 /* Font */; };
		78D956FF285B3929008B3B6C /* CoursesViewController.swift in Sources */ = {isa = PBXBuildFile; fileRef = 78D956FE285B3929008B3B6C /* CoursesViewController.swift */; };
/* End PBXBuildFile section */

/* Begin PBXContainerItemProxy section */
		090A36CB2857906D0082BAAB /* PBXContainerItemProxy */ = {
			isa = PBXContainerItemProxy;
			containerPortal = 090A36A9285790690082BAAB /* Project object */;
			proxyType = 1;
			remoteGlobalIDString = 090A36B0285790690082BAAB;
			remoteInfo = BookSelf;
		};
		090A36D52857906D0082BAAB /* PBXContainerItemProxy */ = {
			isa = PBXContainerItemProxy;
			containerPortal = 090A36A9285790690082BAAB /* Project object */;
			proxyType = 1;
			remoteGlobalIDString = 090A36B0285790690082BAAB;
			remoteInfo = BookSelf;
		};
/* End PBXContainerItemProxy section */

/* Begin PBXFileReference section */
		090A36B1285790690082BAAB /* BookSelf.app */ = {isa = PBXFileReference; explicitFileType = wrapper.application; includeInIndex = 0; path = BookSelf.app; sourceTree = BUILT_PRODUCTS_DIR; };
		090A36B4285790690082BAAB /* AppDelegate.swift */ = {isa = PBXFileReference; lastKnownFileType = sourcecode.swift; path = AppDelegate.swift; sourceTree = "<group>"; };
		090A36B6285790690082BAAB /* SceneDelegate.swift */ = {isa = PBXFileReference; lastKnownFileType = sourcecode.swift; path = SceneDelegate.swift; sourceTree = "<group>"; };
		090A36B8285790690082BAAB /* ViewController.swift */ = {isa = PBXFileReference; lastKnownFileType = sourcecode.swift; path = ViewController.swift; sourceTree = "<group>"; };
		090A36BB285790690082BAAB /* Base */ = {isa = PBXFileReference; lastKnownFileType = file.storyboard; name = Base; path = Base.lproj/Main.storyboard; sourceTree = "<group>"; };
		090A36BE285790690082BAAB /* BookSelf.xcdatamodel */ = {isa = PBXFileReference; lastKnownFileType = wrapper.xcdatamodel; path = BookSelf.xcdatamodel; sourceTree = "<group>"; };
		090A36C02857906D0082BAAB /* Assets.xcassets */ = {isa = PBXFileReference; lastKnownFileType = folder.assetcatalog; path = Assets.xcassets; sourceTree = "<group>"; };
		090A36C32857906D0082BAAB /* Base */ = {isa = PBXFileReference; lastKnownFileType = file.storyboard; name = Base; path = Base.lproj/LaunchScreen.storyboard; sourceTree = "<group>"; };
		090A36C52857906D0082BAAB /* Info.plist */ = {isa = PBXFileReference; lastKnownFileType = text.plist.xml; path = Info.plist; sourceTree = "<group>"; };
		090A36CA2857906D0082BAAB /* BookSelfTests.xctest */ = {isa = PBXFileReference; explicitFileType = wrapper.cfbundle; includeInIndex = 0; path = BookSelfTests.xctest; sourceTree = BUILT_PRODUCTS_DIR; };
		090A36CE2857906D0082BAAB /* BookSelfTests.swift */ = {isa = PBXFileReference; lastKnownFileType = sourcecode.swift; path = BookSelfTests.swift; sourceTree = "<group>"; };
		090A36D42857906D0082BAAB /* BookSelfUITests.xctest */ = {isa = PBXFileReference; explicitFileType = wrapper.cfbundle; includeInIndex = 0; path = BookSelfUITests.xctest; sourceTree = BUILT_PRODUCTS_DIR; };
		090A36D82857906D0082BAAB /* BookSelfUITests.swift */ = {isa = PBXFileReference; lastKnownFileType = sourcecode.swift; path = BookSelfUITests.swift; sourceTree = "<group>"; };
		090A36DA2857906D0082BAAB /* BookSelfUITestsLaunchTests.swift */ = {isa = PBXFileReference; lastKnownFileType = sourcecode.swift; path = BookSelfUITestsLaunchTests.swift; sourceTree = "<group>"; };
		096AC64C285A60F0003E64FB /* MainVCViewController.swift */ = {isa = PBXFileReference; lastKnownFileType = sourcecode.swift; path = MainVCViewController.swift; sourceTree = "<group>"; };
		096AC64E285A614B003E64FB /* Math VC ViewController.swift */ = {isa = PBXFileReference; lastKnownFileType = sourcecode.swift; path = "Math VC ViewController.swift"; sourceTree = "<group>"; };
		096AC650285A6174003E64FB /* English VCViewController.swift */ = {isa = PBXFileReference; lastKnownFileType = sourcecode.swift; path = "English VCViewController.swift"; sourceTree = "<group>"; };
		096AC652285A6186003E64FB /* Physics VC ViewController.swift */ = {isa = PBXFileReference; lastKnownFileType = sourcecode.swift; path = "Physics VC ViewController.swift"; sourceTree = "<group>"; };
		096AC654285A61A6003E64FB /* Math AppsViewController.swift */ = {isa = PBXFileReference; lastKnownFileType = sourcecode.swift; path = "Math AppsViewController.swift"; sourceTree = "<group>"; };
		096AC656285A61C4003E64FB /* English AppsViewController.swift */ = {isa = PBXFileReference; lastKnownFileType = sourcecode.swift; path = "English AppsViewController.swift"; sourceTree = "<group>"; };
		096AC658285A61E1003E64FB /* Physics Apps ViewController.swift */ = {isa = PBXFileReference; lastKnownFileType = sourcecode.swift; path = "Physics Apps ViewController.swift"; sourceTree = "<group>"; };
		096AC65A285A61FD003E64FB /* Chem VCViewController.swift */ = {isa = PBXFileReference; lastKnownFileType = sourcecode.swift; path = "Chem VCViewController.swift"; sourceTree = "<group>"; };
		096AC65C285A6212003E64FB /* Chem Apps ViewController.swift */ = {isa = PBXFileReference; lastKnownFileType = sourcecode.swift; path = "Chem Apps ViewController.swift"; sourceTree = "<group>"; };
		096AC65E285A6240003E64FB /* ES VCViewController.swift */ = {isa = PBXFileReference; lastKnownFileType = sourcecode.swift; path = "ES VCViewController.swift"; sourceTree = "<group>"; };
		096AC660285A624C003E64FB /* ES Apps ViewController.swift */ = {isa = PBXFileReference; lastKnownFileType = sourcecode.swift; path = "ES Apps ViewController.swift"; sourceTree = "<group>"; };
		096AC662285A625C003E64FB /* Economics ViewController.swift */ = {isa = PBXFileReference; lastKnownFileType = sourcecode.swift; path = "Economics ViewController.swift"; sourceTree = "<group>"; };
		096AC664285A6267003E64FB /* Economics Apps ViewController.swift */ = {isa = PBXFileReference; lastKnownFileType = sourcecode.swift; path = "Economics Apps ViewController.swift"; sourceTree = "<group>"; };
		096AC666285A6292003E64FB /* Psych ViewController.swift */ = {isa = PBXFileReference; lastKnownFileType = sourcecode.swift; path = "Psych ViewController.swift"; sourceTree = "<group>"; };
		096AC668285A629F003E64FB /* Psych  Apps ViewController.swift */ = {isa = PBXFileReference; lastKnownFileType = sourcecode.swift; path = "Psych  Apps ViewController.swift"; sourceTree = "<group>"; };
		096AC66A285A62AB003E64FB /* History ViewController.swift */ = {isa = PBXFileReference; lastKnownFileType = sourcecode.swift; path = "History ViewController.swift"; sourceTree = "<group>"; };
		096AC66C285A62B6003E64FB /* History Apps ViewController.swift */ = {isa = PBXFileReference; lastKnownFileType = sourcecode.swift; path = "History Apps ViewController.swift"; sourceTree = "<group>"; };
		096AC66E285A62C2003E64FB /* Biology ViewController.swift */ = {isa = PBXFileReference; lastKnownFileType = sourcecode.swift; path = "Biology ViewController.swift"; sourceTree = "<group>"; };
		096AC670285A62CE003E64FB /* Biology  Apps ViewController.swift */ = {isa = PBXFileReference; lastKnownFileType = sourcecode.swift; path = "Biology  Apps ViewController.swift"; sourceTree = "<group>"; };
		096AC672285A630F003E64FB /* Math core topics ViewController.swift */ = {isa = PBXFileReference; lastKnownFileType = sourcecode.swift; path = "Math core topics ViewController.swift"; sourceTree = "<group>"; };
		096AC674285A6320003E64FB /* Math advancec topics ViewController.swift */ = {isa = PBXFileReference; lastKnownFileType = sourcecode.swift; path = "Math advancec topics ViewController.swift"; sourceTree = "<group>"; };
		096AC676285B0BFD003E64FB /* English Core topics ViewController.swift */ = {isa = PBXFileReference; lastKnownFileType = sourcecode.swift; path = "English Core topics ViewController.swift"; sourceTree = "<group>"; };
		096AC678285B0C16003E64FB /* English advanced topics ViewController.swift */ = {isa = PBXFileReference; lastKnownFileType = sourcecode.swift; path = "English advanced topics ViewController.swift"; sourceTree = "<group>"; };
		096AC67A285B0C2B003E64FB /* Physcis Core topics ViewController.swift */ = {isa = PBXFileReference; lastKnownFileType = sourcecode.swift; path = "Physcis Core topics ViewController.swift"; sourceTree = "<group>"; };
		096AC67C285B0C3F003E64FB /* Chemistry Core topics ViewController.swift */ = {isa = PBXFileReference; lastKnownFileType = sourcecode.swift; path = "Chemistry Core topics ViewController.swift"; sourceTree = "<group>"; };
		096AC67E285B0C50003E64FB /* Chemistry advanced topics ViewController.swift */ = {isa = PBXFileReference; lastKnownFileType = sourcecode.swift; path = "Chemistry advanced topics ViewController.swift"; sourceTree = "<group>"; };
		096AC680285B0C5D003E64FB /* Physics advanced topics  ViewController.swift */ = {isa = PBXFileReference; lastKnownFileType = sourcecode.swift; path = "Physics advanced topics  ViewController.swift"; sourceTree = "<group>"; };
		096AC682285B0E3F003E64FB /* com sci core topics ViewController.swift */ = {isa = PBXFileReference; lastKnownFileType = sourcecode.swift; path = "com sci core topics ViewController.swift"; sourceTree = "<group>"; };
		096AC684285B0E5C003E64FB /* com sci advanced topics ViewController.swift */ = {isa = PBXFileReference; lastKnownFileType = sourcecode.swift; path = "com sci advanced topics ViewController.swift"; sourceTree = "<group>"; };
		09A3AF9B285BAF61000EA705 /* rant ViewController.swift */ = {isa = PBXFileReference; lastKnownFileType = sourcecode.swift; path = "rant ViewController.swift"; sourceTree = "<group>"; };
		09A3AF9D285BB10C000EA705 /* questions ViewController.swift */ = {isa = PBXFileReference; lastKnownFileType = sourcecode.swift; path = "questions ViewController.swift"; sourceTree = "<group>"; };
		09A3AF9F285BB117000EA705 /* apps ViewController.swift */ = {isa = PBXFileReference; lastKnownFileType = sourcecode.swift; path = "apps ViewController.swift"; sourceTree = "<group>"; };
		78200F19285B6FE0003BF530 /* compSciViewController.swift */ = {isa = PBXFileReference; lastKnownFileType = sourcecode.swift; path = compSciViewController.swift; sourceTree = "<group>"; };
		78200F1F285B842B003BF530 /* activitiesViewController.swift */ = {isa = PBXFileReference; lastKnownFileType = sourcecode.swift; path = activitiesViewController.swift; sourceTree = "<group>"; };
		78960884285B44A800004AEA /* outdoorViewController.swift */ = {isa = PBXFileReference; lastKnownFileType = sourcecode.swift; path = outdoorViewController.swift; sourceTree = "<group>"; };
		78960886285B47DB00004AEA /* indoorViewController.swift */ = {isa = PBXFileReference; lastKnownFileType = sourcecode.swift; path = indoorViewController.swift; sourceTree = "<group>"; };
		78CEAD152859E8F700207DF2 /* Font */ = {isa = PBXFileReference; lastKnownFileType = folder; path = Font; sourceTree = "<group>"; };
		78D956FE285B3929008B3B6C /* CoursesViewController.swift */ = {isa = PBXFileReference; lastKnownFileType = sourcecode.swift; path = CoursesViewController.swift; sourceTree = "<group>"; };
/* End PBXFileReference section */

/* Begin PBXFrameworksBuildPhase section */
		090A36AE285790690082BAAB /* Frameworks */ = {
			isa = PBXFrameworksBuildPhase;
			buildActionMask = 2147483647;
			files = (
			);
			runOnlyForDeploymentPostprocessing = 0;
		};
		090A36C72857906D0082BAAB /* Frameworks */ = {
			isa = PBXFrameworksBuildPhase;
			buildActionMask = 2147483647;
			files = (
			);
			runOnlyForDeploymentPostprocessing = 0;
		};
		090A36D12857906D0082BAAB /* Frameworks */ = {
			isa = PBXFrameworksBuildPhase;
			buildActionMask = 2147483647;
			files = (
			);
			runOnlyForDeploymentPostprocessing = 0;
		};
/* End PBXFrameworksBuildPhase section */

/* Begin PBXGroup section */
		090A36A8285790690082BAAB = {
			isa = PBXGroup;
			children = (
				09A3AF9D285BB10C000EA705 /* questions ViewController.swift */,
				09A3AF9F285BB117000EA705 /* apps ViewController.swift */,
				09A3AF9B285BAF61000EA705 /* rant ViewController.swift */,
				78200F1F285B842B003BF530 /* activitiesViewController.swift */,
				78200F19285B6FE0003BF530 /* compSciViewController.swift */,
				78960884285B44A800004AEA /* outdoorViewController.swift */,
				78D956FE285B3929008B3B6C /* CoursesViewController.swift */,
				096AC682285B0E3F003E64FB /* com sci core topics ViewController.swift */,
				096AC684285B0E5C003E64FB /* com sci advanced topics ViewController.swift */,
				096AC676285B0BFD003E64FB /* English Core topics ViewController.swift */,
				096AC678285B0C16003E64FB /* English advanced topics ViewController.swift */,
				096AC67A285B0C2B003E64FB /* Physcis Core topics ViewController.swift */,
				096AC67C285B0C3F003E64FB /* Chemistry Core topics ViewController.swift */,
				096AC67E285B0C50003E64FB /* Chemistry advanced topics ViewController.swift */,
				096AC680285B0C5D003E64FB /* Physics advanced topics  ViewController.swift */,
				096AC64C285A60F0003E64FB /* MainVCViewController.swift */,
				090A36B3285790690082BAAB /* BookSelf */,
				090A36CD2857906D0082BAAB /* BookSelfTests */,
				090A36D72857906D0082BAAB /* BookSelfUITests */,
				090A36B2285790690082BAAB /* Products */,
			);
			sourceTree = "<group>";
		};
		090A36B2285790690082BAAB /* Products */ = {
			isa = PBXGroup;
			children = (
				090A36B1285790690082BAAB /* BookSelf.app */,
				090A36CA2857906D0082BAAB /* BookSelfTests.xctest */,
				090A36D42857906D0082BAAB /* BookSelfUITests.xctest */,
			);
			name = Products;
			sourceTree = "<group>";
		};
		090A36B3285790690082BAAB /* BookSelf */ = {
			isa = PBXGroup;
			children = (
				090A36B4285790690082BAAB /* AppDelegate.swift */,
				090A36B6285790690082BAAB /* SceneDelegate.swift */,
				090A36B8285790690082BAAB /* ViewController.swift */,
				090A36BA285790690082BAAB /* Main.storyboard */,
				78960886285B47DB00004AEA /* indoorViewController.swift */,
				096AC674285A6320003E64FB /* Math advancec topics ViewController.swift */,
				096AC672285A630F003E64FB /* Math core topics ViewController.swift */,
				096AC666285A6292003E64FB /* Psych ViewController.swift */,
				096AC668285A629F003E64FB /* Psych  Apps ViewController.swift */,
				096AC66A285A62AB003E64FB /* History ViewController.swift */,
				096AC66C285A62B6003E64FB /* History Apps ViewController.swift */,
				096AC66E285A62C2003E64FB /* Biology ViewController.swift */,
				096AC670285A62CE003E64FB /* Biology  Apps ViewController.swift */,
				096AC65E285A6240003E64FB /* ES VCViewController.swift */,
				096AC660285A624C003E64FB /* ES Apps ViewController.swift */,
				096AC662285A625C003E64FB /* Economics ViewController.swift */,
				096AC664285A6267003E64FB /* Economics Apps ViewController.swift */,
				096AC65C285A6212003E64FB /* Chem Apps ViewController.swift */,
				096AC65A285A61FD003E64FB /* Chem VCViewController.swift */,
				096AC658285A61E1003E64FB /* Physics Apps ViewController.swift */,
				096AC656285A61C4003E64FB /* English AppsViewController.swift */,
				096AC654285A61A6003E64FB /* Math AppsViewController.swift */,
				096AC652285A6186003E64FB /* Physics VC ViewController.swift */,
				096AC650285A6174003E64FB /* English VCViewController.swift */,
				096AC64E285A614B003E64FB /* Math VC ViewController.swift */,
				090A36C02857906D0082BAAB /* Assets.xcassets */,
				090A36C22857906D0082BAAB /* LaunchScreen.storyboard */,
				090A36C52857906D0082BAAB /* Info.plist */,
				78CEAD152859E8F700207DF2 /* Font */,
				090A36BD285790690082BAAB /* BookSelf.xcdatamodeld */,
			);
			path = BookSelf;
			sourceTree = "<group>";
		};
		090A36CD2857906D0082BAAB /* BookSelfTests */ = {
			isa = PBXGroup;
			children = (
				090A36CE2857906D0082BAAB /* BookSelfTests.swift */,
			);
			path = BookSelfTests;
			sourceTree = "<group>";
		};
		090A36D72857906D0082BAAB /* BookSelfUITests */ = {
			isa = PBXGroup;
			children = (
				090A36D82857906D0082BAAB /* BookSelfUITests.swift */,
				090A36DA2857906D0082BAAB /* BookSelfUITestsLaunchTests.swift */,
			);
			path = BookSelfUITests;
			sourceTree = "<group>";
		};
/* End PBXGroup section */

/* Begin PBXNativeTarget section */
		090A36B0285790690082BAAB /* BookSelf */ = {
			isa = PBXNativeTarget;
			buildConfigurationList = 090A36DE2857906D0082BAAB /* Build configuration list for PBXNativeTarget "BookSelf" */;
			buildPhases = (
				090A36AD285790690082BAAB /* Sources */,
				090A36AE285790690082BAAB /* Frameworks */,
				090A36AF285790690082BAAB /* Resources */,
			);
			buildRules = (
			);
			dependencies = (
			);
			name = BookSelf;
			productName = BookSelf;
			productReference = 090A36B1285790690082BAAB /* BookSelf.app */;
			productType = "com.apple.product-type.application";
		};
		090A36C92857906D0082BAAB /* BookSelfTests */ = {
			isa = PBXNativeTarget;
			buildConfigurationList = 090A36E12857906D0082BAAB /* Build configuration list for PBXNativeTarget "BookSelfTests" */;
			buildPhases = (
				090A36C62857906D0082BAAB /* Sources */,
				090A36C72857906D0082BAAB /* Frameworks */,
				090A36C82857906D0082BAAB /* Resources */,
			);
			buildRules = (
			);
			dependencies = (
				090A36CC2857906D0082BAAB /* PBXTargetDependency */,
			);
			name = BookSelfTests;
			productName = BookSelfTests;
			productReference = 090A36CA2857906D0082BAAB /* BookSelfTests.xctest */;
			productType = "com.apple.product-type.bundle.unit-test";
		};
		090A36D32857906D0082BAAB /* BookSelfUITests */ = {
			isa = PBXNativeTarget;
			buildConfigurationList = 090A36E42857906D0082BAAB /* Build configuration list for PBXNativeTarget "BookSelfUITests" */;
			buildPhases = (
				090A36D02857906D0082BAAB /* Sources */,
				090A36D12857906D0082BAAB /* Frameworks */,
				090A36D22857906D0082BAAB /* Resources */,
			);
			buildRules = (
			);
			dependencies = (
				090A36D62857906D0082BAAB /* PBXTargetDependency */,
			);
			name = BookSelfUITests;
			productName = BookSelfUITests;
			productReference = 090A36D42857906D0082BAAB /* BookSelfUITests.xctest */;
			productType = "com.apple.product-type.bundle.ui-testing";
		};
/* End PBXNativeTarget section */

/* Begin PBXProject section */
		090A36A9285790690082BAAB /* Project object */ = {
			isa = PBXProject;
			attributes = {
				BuildIndependentTargetsInParallel = 1;
				LastSwiftUpdateCheck = 1340;
				LastUpgradeCheck = 1340;
				TargetAttributes = {
					090A36B0285790690082BAAB = {
						CreatedOnToolsVersion = 13.4.1;
					};
					090A36C92857906D0082BAAB = {
						CreatedOnToolsVersion = 13.4.1;
						TestTargetID = 090A36B0285790690082BAAB;
					};
					090A36D32857906D0082BAAB = {
						CreatedOnToolsVersion = 13.4.1;
						TestTargetID = 090A36B0285790690082BAAB;
					};
				};
			};
			buildConfigurationList = 090A36AC285790690082BAAB /* Build configuration list for PBXProject "BookSelf" */;
			compatibilityVersion = "Xcode 13.0";
			developmentRegion = en;
			hasScannedForEncodings = 0;
			knownRegions = (
				en,
				Base,
			);
			mainGroup = 090A36A8285790690082BAAB;
			productRefGroup = 090A36B2285790690082BAAB /* Products */;
			projectDirPath = "";
			projectRoot = "";
			targets = (
				090A36B0285790690082BAAB /* BookSelf */,
				090A36C92857906D0082BAAB /* BookSelfTests */,
				090A36D32857906D0082BAAB /* BookSelfUITests */,
			);
		};
/* End PBXProject section */

/* Begin PBXResourcesBuildPhase section */
		090A36AF285790690082BAAB /* Resources */ = {
			isa = PBXResourcesBuildPhase;
			buildActionMask = 2147483647;
			files = (
				090A36C42857906D0082BAAB /* LaunchScreen.storyboard in Resources */,
				090A36C12857906D0082BAAB /* Assets.xcassets in Resources */,
				090A36BC285790690082BAAB /* Main.storyboard in Resources */,
				78CEAD162859E8F800207DF2 /* Font in Resources */,
			);
			runOnlyForDeploymentPostprocessing = 0;
		};
		090A36C82857906D0082BAAB /* Resources */ = {
			isa = PBXResourcesBuildPhase;
			buildActionMask = 2147483647;
			files = (
			);
			runOnlyForDeploymentPostprocessing = 0;
		};
		090A36D22857906D0082BAAB /* Resources */ = {
			isa = PBXResourcesBuildPhase;
			buildActionMask = 2147483647;
			files = (
			);
			runOnlyForDeploymentPostprocessing = 0;
		};
/* End PBXResourcesBuildPhase section */

/* Begin PBXSourcesBuildPhase section */
		090A36AD285790690082BAAB /* Sources */ = {
			isa = PBXSourcesBuildPhase;
			buildActionMask = 2147483647;
			files = (
				096AC66B285A62AB003E64FB /* History ViewController.swift in Sources */,
				78960885285B44A800004AEA /* outdoorViewController.swift in Sources */,
				096AC67D285B0C3F003E64FB /* Chemistry Core topics ViewController.swift in Sources */,
				096AC669285A629F003E64FB /* Psych  Apps ViewController.swift in Sources */,
				096AC65F285A6240003E64FB /* ES VCViewController.swift in Sources */,
				096AC665285A6267003E64FB /* Economics Apps ViewController.swift in Sources */,
				096AC661285A624C003E64FB /* ES Apps ViewController.swift in Sources */,
				096AC677285B0BFD003E64FB /* English Core topics ViewController.swift in Sources */,
				096AC685285B0E5C003E64FB /* com sci advanced topics ViewController.swift in Sources */,
				096AC64D285A60F0003E64FB /* MainVCViewController.swift in Sources */,
				090A36B9285790690082BAAB /* ViewController.swift in Sources */,
				096AC671285A62CE003E64FB /* Biology  Apps ViewController.swift in Sources */,
				090A36B5285790690082BAAB /* AppDelegate.swift in Sources */,
				096AC64F285A614B003E64FB /* Math VC ViewController.swift in Sources */,
				096AC655285A61A6003E64FB /* Math AppsViewController.swift in Sources */,
				096AC66D285A62B6003E64FB /* History Apps ViewController.swift in Sources */,
				096AC673285A630F003E64FB /* Math core topics ViewController.swift in Sources */,
				78200F1A285B6FE0003BF530 /* compSciViewController.swift in Sources */,
				096AC65D285A6212003E64FB /* Chem Apps ViewController.swift in Sources */,
				096AC679285B0C16003E64FB /* English advanced topics ViewController.swift in Sources */,
				096AC67B285B0C2B003E64FB /* Physcis Core topics ViewController.swift in Sources */,
				78200F20285B842B003BF530 /* activitiesViewController.swift in Sources */,
				096AC663285A625C003E64FB /* Economics ViewController.swift in Sources */,
				096AC675285A6320003E64FB /* Math advancec topics ViewController.swift in Sources */,
				78D956FF285B3929008B3B6C /* CoursesViewController.swift in Sources */,
				78960887285B47DB00004AEA /* indoorViewController.swift in Sources */,
				090A36BF285790690082BAAB /* BookSelf.xcdatamodeld in Sources */,
				096AC667285A6292003E64FB /* Psych ViewController.swift in Sources */,
				096AC67F285B0C50003E64FB /* Chemistry advanced topics ViewController.swift in Sources */,
				096AC653285A6186003E64FB /* Physics VC ViewController.swift in Sources */,
				096AC659285A61E1003E64FB /* Physics Apps ViewController.swift in Sources */,
				096AC651285A6174003E64FB /* English VCViewController.swift in Sources */,
				096AC657285A61C4003E64FB /* English AppsViewController.swift in Sources */,
				096AC683285B0E3F003E64FB /* com sci core topics ViewController.swift in Sources */,
				090A36B7285790690082BAAB /* SceneDelegate.swift in Sources */,
				09A3AF9E285BB10C000EA705 /* questions ViewController.swift in Sources */,
				096AC681285B0C5D003E64FB /* Physics advanced topics  ViewController.swift in Sources */,
				096AC65B285A61FD003E64FB /* Chem VCViewController.swift in Sources */,
				09A3AFA0285BB117000EA705 /* apps ViewController.swift in Sources */,
				096AC66F285A62C2003E64FB /* Biology ViewController.swift in Sources */,
				09A3AF9C285BAF61000EA705 /* rant ViewController.swift in Sources */,
			);
			runOnlyForDeploymentPostprocessing = 0;
		};
		090A36C62857906D0082BAAB /* Sources */ = {
			isa = PBXSourcesBuildPhase;
			buildActionMask = 2147483647;
			files = (
				090A36CF2857906D0082BAAB /* BookSelfTests.swift in Sources */,
			);
			runOnlyForDeploymentPostprocessing = 0;
		};
		090A36D02857906D0082BAAB /* Sources */ = {
			isa = PBXSourcesBuildPhase;
			buildActionMask = 2147483647;
			files = (
				090A36DB2857906D0082BAAB /* BookSelfUITestsLaunchTests.swift in Sources */,
				090A36D92857906D0082BAAB /* BookSelfUITests.swift in Sources */,
			);
			runOnlyForDeploymentPostprocessing = 0;
		};
/* End PBXSourcesBuildPhase section */

/* Begin PBXTargetDependency section */
		090A36CC2857906D0082BAAB /* PBXTargetDependency */ = {
			isa = PBXTargetDependency;
			target = 090A36B0285790690082BAAB /* BookSelf */;
			targetProxy = 090A36CB2857906D0082BAAB /* PBXContainerItemProxy */;
		};
		090A36D62857906D0082BAAB /* PBXTargetDependency */ = {
			isa = PBXTargetDependency;
			target = 090A36B0285790690082BAAB /* BookSelf */;
			targetProxy = 090A36D52857906D0082BAAB /* PBXContainerItemProxy */;
		};
/* End PBXTargetDependency section */

/* Begin PBXVariantGroup section */
		090A36BA285790690082BAAB /* Main.storyboard */ = {
			isa = PBXVariantGroup;
			children = (
				090A36BB285790690082BAAB /* Base */,
			);
			name = Main.storyboard;
			sourceTree = "<group>";
		};
		090A36C22857906D0082BAAB /* LaunchScreen.storyboard */ = {
			isa = PBXVariantGroup;
			children = (
				090A36C32857906D0082BAAB /* Base */,
			);
			name = LaunchScreen.storyboard;
			sourceTree = "<group>";
		};
/* End PBXVariantGroup section */

/* Begin XCBuildConfiguration section */
		090A36DC2857906D0082BAAB /* Debug */ = {
			isa = XCBuildConfiguration;
			buildSettings = {
				ALWAYS_SEARCH_USER_PATHS = NO;
				CLANG_ANALYZER_NONNULL = YES;
				CLANG_ANALYZER_NUMBER_OBJECT_CONVERSION = YES_AGGRESSIVE;
				CLANG_CXX_LANGUAGE_STANDARD = "gnu++17";
				CLANG_ENABLE_MODULES = YES;
				CLANG_ENABLE_OBJC_ARC = YES;
				CLANG_ENABLE_OBJC_WEAK = YES;
				CLANG_WARN_BLOCK_CAPTURE_AUTORELEASING = YES;
				CLANG_WARN_BOOL_CONVERSION = YES;
				CLANG_WARN_COMMA = YES;
				CLANG_WARN_CONSTANT_CONVERSION = YES;
				CLANG_WARN_DEPRECATED_OBJC_IMPLEMENTATIONS = YES;
				CLANG_WARN_DIRECT_OBJC_ISA_USAGE = YES_ERROR;
				CLANG_WARN_DOCUMENTATION_COMMENTS = YES;
				CLANG_WARN_EMPTY_BODY = YES;
				CLANG_WARN_ENUM_CONVERSION = YES;
				CLANG_WARN_INFINITE_RECURSION = YES;
				CLANG_WARN_INT_CONVERSION = YES;
				CLANG_WARN_NON_LITERAL_NULL_CONVERSION = YES;
				CLANG_WARN_OBJC_IMPLICIT_RETAIN_SELF = YES;
				CLANG_WARN_OBJC_LITERAL_CONVERSION = YES;
				CLANG_WARN_OBJC_ROOT_CLASS = YES_ERROR;
				CLANG_WARN_QUOTED_INCLUDE_IN_FRAMEWORK_HEADER = YES;
				CLANG_WARN_RANGE_LOOP_ANALYSIS = YES;
				CLANG_WARN_STRICT_PROTOTYPES = YES;
				CLANG_WARN_SUSPICIOUS_MOVE = YES;
				CLANG_WARN_UNGUARDED_AVAILABILITY = YES_AGGRESSIVE;
				CLANG_WARN_UNREACHABLE_CODE = YES;
				CLANG_WARN__DUPLICATE_METHOD_MATCH = YES;
				COPY_PHASE_STRIP = NO;
				DEBUG_INFORMATION_FORMAT = dwarf;
				ENABLE_STRICT_OBJC_MSGSEND = YES;
				ENABLE_TESTABILITY = YES;
				GCC_C_LANGUAGE_STANDARD = gnu11;
				GCC_DYNAMIC_NO_PIC = NO;
				GCC_NO_COMMON_BLOCKS = YES;
				GCC_OPTIMIZATION_LEVEL = 0;
				GCC_PREPROCESSOR_DEFINITIONS = (
					"DEBUG=1",
					"$(inherited)",
				);
				GCC_WARN_64_TO_32_BIT_CONVERSION = YES;
				GCC_WARN_ABOUT_RETURN_TYPE = YES_ERROR;
				GCC_WARN_UNDECLARED_SELECTOR = YES;
				GCC_WARN_UNINITIALIZED_AUTOS = YES_AGGRESSIVE;
				GCC_WARN_UNUSED_FUNCTION = YES;
				GCC_WARN_UNUSED_VARIABLE = YES;
				IPHONEOS_DEPLOYMENT_TARGET = 15.5;
				MTL_ENABLE_DEBUG_INFO = INCLUDE_SOURCE;
				MTL_FAST_MATH = YES;
				ONLY_ACTIVE_ARCH = YES;
				SDKROOT = iphoneos;
				SWIFT_ACTIVE_COMPILATION_CONDITIONS = DEBUG;
				SWIFT_OPTIMIZATION_LEVEL = "-Onone";
			};
			name = Debug;
		};
		090A36DD2857906D0082BAAB /* Release */ = {
			isa = XCBuildConfiguration;
			buildSettings = {
				ALWAYS_SEARCH_USER_PATHS = NO;
				CLANG_ANALYZER_NONNULL = YES;
				CLANG_ANALYZER_NUMBER_OBJECT_CONVERSION = YES_AGGRESSIVE;
				CLANG_CXX_LANGUAGE_STANDARD = "gnu++17";
				CLANG_ENABLE_MODULES = YES;
				CLANG_ENABLE_OBJC_ARC = YES;
				CLANG_ENABLE_OBJC_WEAK = YES;
				CLANG_WARN_BLOCK_CAPTURE_AUTORELEASING = YES;
				CLANG_WARN_BOOL_CONVERSION = YES;
				CLANG_WARN_COMMA = YES;
				CLANG_WARN_CONSTANT_CONVERSION = YES;
				CLANG_WARN_DEPRECATED_OBJC_IMPLEMENTATIONS = YES;
				CLANG_WARN_DIRECT_OBJC_ISA_USAGE = YES_ERROR;
				CLANG_WARN_DOCUMENTATION_COMMENTS = YES;
				CLANG_WARN_EMPTY_BODY = YES;
				CLANG_WARN_ENUM_CONVERSION = YES;
				CLANG_WARN_INFINITE_RECURSION = YES;
				CLANG_WARN_INT_CONVERSION = YES;
				CLANG_WARN_NON_LITERAL_NULL_CONVERSION = YES;
				CLANG_WARN_OBJC_IMPLICIT_RETAIN_SELF = YES;
				CLANG_WARN_OBJC_LITERAL_CONVERSION = YES;
				CLANG_WARN_OBJC_ROOT_CLASS = YES_ERROR;
				CLANG_WARN_QUOTED_INCLUDE_IN_FRAMEWORK_HEADER = YES;
				CLANG_WARN_RANGE_LOOP_ANALYSIS = YES;
				CLANG_WARN_STRICT_PROTOTYPES = YES;
				CLANG_WARN_SUSPICIOUS_MOVE = YES;
				CLANG_WARN_UNGUARDED_AVAILABILITY = YES_AGGRESSIVE;
				CLANG_WARN_UNREACHABLE_CODE = YES;
				CLANG_WARN__DUPLICATE_METHOD_MATCH = YES;
				COPY_PHASE_STRIP = NO;
				DEBUG_INFORMATION_FORMAT = "dwarf-with-dsym";
				ENABLE_NS_ASSERTIONS = NO;
				ENABLE_STRICT_OBJC_MSGSEND = YES;
				GCC_C_LANGUAGE_STANDARD = gnu11;
				GCC_NO_COMMON_BLOCKS = YES;
				GCC_WARN_64_TO_32_BIT_CONVERSION = YES;
				GCC_WARN_ABOUT_RETURN_TYPE = YES_ERROR;
				GCC_WARN_UNDECLARED_SELECTOR = YES;
				GCC_WARN_UNINITIALIZED_AUTOS = YES_AGGRESSIVE;
				GCC_WARN_UNUSED_FUNCTION = YES;
				GCC_WARN_UNUSED_VARIABLE = YES;
				IPHONEOS_DEPLOYMENT_TARGET = 15.5;
				MTL_ENABLE_DEBUG_INFO = NO;
				MTL_FAST_MATH = YES;
				SDKROOT = iphoneos;
				SWIFT_COMPILATION_MODE = wholemodule;
				SWIFT_OPTIMIZATION_LEVEL = "-O";
				VALIDATE_PRODUCT = YES;
			};
			name = Release;
		};
		090A36DF2857906D0082BAAB /* Debug */ = {
			isa = XCBuildConfiguration;
			buildSettings = {
				ASSETCATALOG_COMPILER_APPICON_NAME = AppIcon;
				ASSETCATALOG_COMPILER_GLOBAL_ACCENT_COLOR_NAME = AccentColor;
				CODE_SIGN_STYLE = Automatic;
				CURRENT_PROJECT_VERSION = 1;
				DEVELOPMENT_TEAM = M2V744725X;
				GENERATE_INFOPLIST_FILE = YES;
				INFOPLIST_FILE = BookSelf/Info.plist;
				INFOPLIST_KEY_UIApplicationSupportsIndirectInputEvents = YES;
				INFOPLIST_KEY_UILaunchStoryboardName = LaunchScreen;
				INFOPLIST_KEY_UIMainStoryboardFile = Main;
				INFOPLIST_KEY_UISupportedInterfaceOrientations_iPad = "UIInterfaceOrientationPortrait UIInterfaceOrientationPortraitUpsideDown UIInterfaceOrientationLandscapeLeft UIInterfaceOrientationLandscapeRight";
				INFOPLIST_KEY_UISupportedInterfaceOrientations_iPhone = "UIInterfaceOrientationPortrait UIInterfaceOrientationLandscapeLeft UIInterfaceOrientationLandscapeRight";
				LD_RUNPATH_SEARCH_PATHS = (
					"$(inherited)",
					"@executable_path/Frameworks",
				);
				MARKETING_VERSION = 1.0;
				PRODUCT_BUNDLE_IDENTIFIER = KWK.BookSelf;
				PRODUCT_NAME = "$(TARGET_NAME)";
				SWIFT_EMIT_LOC_STRINGS = YES;
				SWIFT_VERSION = 5.0;
				TARGETED_DEVICE_FAMILY = "1,2";
			};
			name = Debug;
		};
		090A36E02857906D0082BAAB /* Release */ = {
			isa = XCBuildConfiguration;
			buildSettings = {
				ASSETCATALOG_COMPILER_APPICON_NAME = AppIcon;
				ASSETCATALOG_COMPILER_GLOBAL_ACCENT_COLOR_NAME = AccentColor;
				CODE_SIGN_STYLE = Automatic;
				CURRENT_PROJECT_VERSION = 1;
				DEVELOPMENT_TEAM = M2V744725X;
				GENERATE_INFOPLIST_FILE = YES;
				INFOPLIST_FILE = BookSelf/Info.plist;
				INFOPLIST_KEY_UIApplicationSupportsIndirectInputEvents = YES;
				INFOPLIST_KEY_UILaunchStoryboardName = LaunchScreen;
				INFOPLIST_KEY_UIMainStoryboardFile = Main;
				INFOPLIST_KEY_UISupportedInterfaceOrientations_iPad = "UIInterfaceOrientationPortrait UIInterfaceOrientationPortraitUpsideDown UIInterfaceOrientationLandscapeLeft UIInterfaceOrientationLandscapeRight";
				INFOPLIST_KEY_UISupportedInterfaceOrientations_iPhone = "UIInterfaceOrientationPortrait UIInterfaceOrientationLandscapeLeft UIInterfaceOrientationLandscapeRight";
				LD_RUNPATH_SEARCH_PATHS = (
					"$(inherited)",
					"@executable_path/Frameworks",
				);
				MARKETING_VERSION = 1.0;
				PRODUCT_BUNDLE_IDENTIFIER = KWK.BookSelf;
				PRODUCT_NAME = "$(TARGET_NAME)";
				SWIFT_EMIT_LOC_STRINGS = YES;
				SWIFT_VERSION = 5.0;
				TARGETED_DEVICE_FAMILY = "1,2";
			};
			name = Release;
		};
		090A36E22857906D0082BAAB /* Debug */ = {
			isa = XCBuildConfiguration;
			buildSettings = {
				ALWAYS_EMBED_SWIFT_STANDARD_LIBRARIES = YES;
				BUNDLE_LOADER = "$(TEST_HOST)";
				CODE_SIGN_STYLE = Automatic;
				CURRENT_PROJECT_VERSION = 1;
				GENERATE_INFOPLIST_FILE = YES;
				IPHONEOS_DEPLOYMENT_TARGET = 15.5;
				MARKETING_VERSION = 1.0;
				PRODUCT_BUNDLE_IDENTIFIER = KWK.BookSelfTests;
				PRODUCT_NAME = "$(TARGET_NAME)";
				SWIFT_EMIT_LOC_STRINGS = NO;
				SWIFT_VERSION = 5.0;
				TARGETED_DEVICE_FAMILY = "1,2";
				TEST_HOST = "$(BUILT_PRODUCTS_DIR)/BookSelf.app/BookSelf";
			};
			name = Debug;
		};
		090A36E32857906D0082BAAB /* Release */ = {
			isa = XCBuildConfiguration;
			buildSettings = {
				ALWAYS_EMBED_SWIFT_STANDARD_LIBRARIES = YES;
				BUNDLE_LOADER = "$(TEST_HOST)";
				CODE_SIGN_STYLE = Automatic;
				CURRENT_PROJECT_VERSION = 1;
				GENERATE_INFOPLIST_FILE = YES;
				IPHONEOS_DEPLOYMENT_TARGET = 15.5;
				MARKETING_VERSION = 1.0;
				PRODUCT_BUNDLE_IDENTIFIER = KWK.BookSelfTests;
				PRODUCT_NAME = "$(TARGET_NAME)";
				SWIFT_EMIT_LOC_STRINGS = NO;
				SWIFT_VERSION = 5.0;
				TARGETED_DEVICE_FAMILY = "1,2";
				TEST_HOST = "$(BUILT_PRODUCTS_DIR)/BookSelf.app/BookSelf";
			};
			name = Release;
		};
		090A36E52857906D0082BAAB /* Debug */ = {
			isa = XCBuildConfiguration;
			buildSettings = {
				ALWAYS_EMBED_SWIFT_STANDARD_LIBRARIES = YES;
				CODE_SIGN_STYLE = Automatic;
				CURRENT_PROJECT_VERSION = 1;
				GENERATE_INFOPLIST_FILE = YES;
				MARKETING_VERSION = 1.0;
				PRODUCT_BUNDLE_IDENTIFIER = KWK.BookSelfUITests;
				PRODUCT_NAME = "$(TARGET_NAME)";
				SWIFT_EMIT_LOC_STRINGS = NO;
				SWIFT_VERSION = 5.0;
				TARGETED_DEVICE_FAMILY = "1,2";
				TEST_TARGET_NAME = BookSelf;
			};
			name = Debug;
		};
		090A36E62857906D0082BAAB /* Release */ = {
			isa = XCBuildConfiguration;
			buildSettings = {
				ALWAYS_EMBED_SWIFT_STANDARD_LIBRARIES = YES;
				CODE_SIGN_STYLE = Automatic;
				CURRENT_PROJECT_VERSION = 1;
				GENERATE_INFOPLIST_FILE = YES;
				MARKETING_VERSION = 1.0;
				PRODUCT_BUNDLE_IDENTIFIER = KWK.BookSelfUITests;
				PRODUCT_NAME = "$(TARGET_NAME)";
				SWIFT_EMIT_LOC_STRINGS = NO;
				SWIFT_VERSION = 5.0;
				TARGETED_DEVICE_FAMILY = "1,2";
				TEST_TARGET_NAME = BookSelf;
			};
			name = Release;
		};
/* End XCBuildConfiguration section */

/* Begin XCConfigurationList section */
		090A36AC285790690082BAAB /* Build configuration list for PBXProject "BookSelf" */ = {
			isa = XCConfigurationList;
			buildConfigurations = (
				090A36DC2857906D0082BAAB /* Debug */,
				090A36DD2857906D0082BAAB /* Release */,
			);
			defaultConfigurationIsVisible = 0;
			defaultConfigurationName = Release;
		};
		090A36DE2857906D0082BAAB /* Build configuration list for PBXNativeTarget "BookSelf" */ = {
			isa = XCConfigurationList;
			buildConfigurations = (
				090A36DF2857906D0082BAAB /* Debug */,
				090A36E02857906D0082BAAB /* Release */,
			);
			defaultConfigurationIsVisible = 0;
			defaultConfigurationName = Release;
		};
		090A36E12857906D0082BAAB /* Build configuration list for PBXNativeTarget "BookSelfTests" */ = {
			isa = XCConfigurationList;
			buildConfigurations = (
				090A36E22857906D0082BAAB /* Debug */,
				090A36E32857906D0082BAAB /* Release */,
			);
			defaultConfigurationIsVisible = 0;
			defaultConfigurationName = Release;
		};
		090A36E42857906D0082BAAB /* Build configuration list for PBXNativeTarget "BookSelfUITests" */ = {
			isa = XCConfigurationList;
			buildConfigurations = (
				090A36E52857906D0082BAAB /* Debug */,
				090A36E62857906D0082BAAB /* Release */,
			);
			defaultConfigurationIsVisible = 0;
			defaultConfigurationName = Release;
		};
/* End XCConfigurationList section */

/* Begin XCVersionGroup section */
		090A36BD285790690082BAAB /* BookSelf.xcdatamodeld */ = {
			isa = XCVersionGroup;
			children = (
				090A36BE285790690082BAAB /* BookSelf.xcdatamodel */,
			);
			currentVersion = 090A36BE285790690082BAAB /* BookSelf.xcdatamodel */;
			path = BookSelf.xcdatamodeld;
			sourceTree = "<group>";
			versionGroupType = wrapper.xcdatamodel;
		};
/* End XCVersionGroup section */
	};
	rootObject = 090A36A9285790690082BAAB /* Project object */;
}
